
Microsoft Visual Studio Solution File, Format Version 12.00
# Visual Studio Version 17
VisualStudioVersion = 17.11.35327.3
MinimumVisualStudioVersion = 10.0.40219.1
Project("{888888A0-9F3D-457C-B088-3A5042F75D52}") = "ZenestaFlask", "ZenestaFlask\ZenestaFlask.pyproj", "{38CD7B5F-A991-4F45-8AA6-3D0EBDE0C82C}"
EndProject
Global
	GlobalSection(SolutionConfigurationPlatforms) = preSolution
		Debug|Any CPU = Debug|Any CPU
		Release|Any CPU = Release|Any CPU
	EndGlobalSection
	GlobalSection(ProjectConfigurationPlatforms) = postSolution
		{38CD7B5F-A991-4F45-8AA6-3D0EBDE0C82C}.Debug|Any CPU.ActiveCfg = Debug|Any CPU
		{38CD7B5F-A991-4F45-8AA6-3D0EBDE0C82C}.Debug|Any CPU.Build.0 = Debug|Any CPU
		{38CD7B5F-A991-4F45-8AA6-3D0EBDE0C82C}.Release|Any CPU.ActiveCfg = Release|Any CPU
		{38CD7B5F-A991-4F45-8AA6-3D0EBDE0C82C}.Release|Any CPU.Build.0 = Release|Any CPU
	EndGlobalSection
	GlobalSection(SolutionProperties) = preSolution
		HideSolutionNode = FALSE
	EndGlobalSection
	GlobalSection(ExtensibilityGlobals) = postSolution
		SolutionGuid = {14403DBD-6891-41CC-94E1-7CE60CC312B3}
	EndGlobalSection
EndGlobal
